
Microsoft Visual Studio Solution File, Format Version 12.00
# Visual Studio 15
VisualStudioVersion = 15.0.26730.10
MinimumVisualStudioVersion = 10.0.40219.1
Project("{9A19103F-16F7-4668-BE54-9A1E7A4F7556}") = "FionaFrontoffice_V3", "FionaFrontoffice_V3\FionaFrontoffice_V3.csproj", "{80EA74BC-FE65-48F3-A4A3-95996B407DB1}"
EndProject
Global
	GlobalSection(SolutionConfigurationPlatforms) = preSolution
		Debug|Any CPU = Debug|Any CPU
		Release|Any CPU = Release|Any CPU
	EndGlobalSection
	GlobalSection(ProjectConfigurationPlatforms) = postSolution
		{80EA74BC-FE65-48F3-A4A3-95996B407DB1}.Debug|Any CPU.ActiveCfg = Debug|Any CPU
		{80EA74BC-FE65-48F3-A4A3-95996B407DB1}.Debug|Any CPU.Build.0 = Debug|Any CPU
		{80EA74BC-FE65-48F3-A4A3-95996B407DB1}.Release|Any CPU.ActiveCfg = Release|Any CPU
		{80EA74BC-FE65-48F3-A4A3-95996B407DB1}.Release|Any CPU.Build.0 = Release|Any CPU
	EndGlobalSection
	GlobalSection(SolutionProperties) = preSolution
		HideSolutionNode = FALSE
	EndGlobalSection
	GlobalSection(ExtensibilityGlobals) = postSolution
		SolutionGuid = {B7F4E4AC-57F4-4782-B80F-F47F6FB1372C}
	EndGlobalSection
EndGlobal
